// !$*UTF8*$!
{
	archiveVersion = 1;
	classes = {
	};
	objectVersion = 55;
	objects = {

/* Begin PBXBuildFile section */
		250F50B928A1E0370031CC0A /* SeSACButton.swift in Sources */ = {isa = PBXBuildFile; fileRef = 250F50B828A1E0370031CC0A /* SeSACButton.swift */; };
		250F50BB28A1E6030031CC0A /* CardView.xib in Resources */ = {isa = PBXBuildFile; fileRef = 250F50BA28A1E6030031CC0A /* CardView.xib */; };
		250F50BD28A1E6470031CC0A /* CardView.swift in Sources */ = {isa = PBXBuildFile; fileRef = 250F50BC28A1E6470031CC0A /* CardView.swift */; };
		250F50C028A1F37B0031CC0A /* CardCollectionViewCell.swift in Sources */ = {isa = PBXBuildFile; fileRef = 250F50BE28A1F37B0031CC0A /* CardCollectionViewCell.swift */; };
		250F50C128A1F37B0031CC0A /* CardCollectionViewCell.xib in Resources */ = {isa = PBXBuildFile; fileRef = 250F50BF28A1F37B0031CC0A /* CardCollectionViewCell.xib */; };
		250F50C328A1F6340031CC0A /* MainViewController.swift in Sources */ = {isa = PBXBuildFile; fileRef = 250F50C228A1F6340031CC0A /* MainViewController.swift */; };
		250F50C528A1FC280031CC0A /* MainTableViewCell.swift in Sources */ = {isa = PBXBuildFile; fileRef = 250F50C428A1FC280031CC0A /* MainTableViewCell.swift */; };
		2555B9E828A08FE60090B983 /* AppDelegate.swift in Sources */ = {isa = PBXBuildFile; fileRef = 2555B9E728A08FE60090B983 /* AppDelegate.swift */; };
		2555B9EA28A08FE60090B983 /* SceneDelegate.swift in Sources */ = {isa = PBXBuildFile; fileRef = 2555B9E928A08FE60090B983 /* SceneDelegate.swift */; };
		2555B9EC28A08FE60090B983 /* ViewController.swift in Sources */ = {isa = PBXBuildFile; fileRef = 2555B9EB28A08FE60090B983 /* ViewController.swift */; };
		2555B9EF28A08FE60090B983 /* Main.storyboard in Resources */ = {isa = PBXBuildFile; fileRef = 2555B9ED28A08FE60090B983 /* Main.storyboard */; };
		2555B9F128A08FE70090B983 /* Assets.xcassets in Resources */ = {isa = PBXBuildFile; fileRef = 2555B9F028A08FE70090B983 /* Assets.xcassets */; };
		2555B9F428A08FE70090B983 /* LaunchScreen.storyboard in Resources */ = {isa = PBXBuildFile; fileRef = 2555B9F228A08FE70090B983 /* LaunchScreen.storyboard */; };
		2555B9FD28A090250090B983 /* Kingfisher in Frameworks */ = {isa = PBXBuildFile; productRef = 2555B9FC28A090250090B983 /* Kingfisher */; };
		2555BA0028A0902F0090B983 /* Alamofire in Frameworks */ = {isa = PBXBuildFile; productRef = 2555B9FF28A0902F0090B983 /* Alamofire */; };
		2555BA0328A0903A0090B983 /* SwiftyJSON in Frameworks */ = {isa = PBXBuildFile; productRef = 2555BA0228A0903A0090B983 /* SwiftyJSON */; };
		2555BA0528A090D80090B983 /* .gitignore in Resources */ = {isa = PBXBuildFile; fileRef = 2555BA0428A090D80090B983 /* .gitignore */; };
		2555BA0728A091120090B983 /* APIKey.swift in Sources */ = {isa = PBXBuildFile; fileRef = 2555BA0628A091120090B983 /* APIKey.swift */; };
		2555BA0A28A0949E0090B983 /* Endpoint.swift in Sources */ = {isa = PBXBuildFile; fileRef = 2555BA0928A0949E0090B983 /* Endpoint.swift */; };
		2555BA0C28A095170090B983 /* URL+Extension.swift in Sources */ = {isa = PBXBuildFile; fileRef = 2555BA0B28A095170090B983 /* URL+Extension.swift */; };
		2555BA0E28A0A7900090B983 /* KakaoAPIManager.swift in Sources */ = {isa = PBXBuildFile; fileRef = 2555BA0D28A0A7900090B983 /* KakaoAPIManager.swift */; };
		2555BA1028A0AC0A0090B983 /* ClosureViewController.swift in Sources */ = {isa = PBXBuildFile; fileRef = 2555BA0F28A0AC0A0090B983 /* ClosureViewController.swift */; };
/* End PBXBuildFile section */

/* Begin PBXFileReference section */
		250F50B828A1E0370031CC0A /* SeSACButton.swift */ = {isa = PBXFileReference; lastKnownFileType = sourcecode.swift; path = SeSACButton.swift; sourceTree = "<group>"; };
		250F50BA28A1E6030031CC0A /* CardView.xib */ = {isa = PBXFileReference; lastKnownFileType = file.xib; path = CardView.xib; sourceTree = "<group>"; };
		250F50BC28A1E6470031CC0A /* CardView.swift */ = {isa = PBXFileReference; lastKnownFileType = sourcecode.swift; path = CardView.swift; sourceTree = "<group>"; };
		250F50BE28A1F37B0031CC0A /* CardCollectionViewCell.swift */ = {isa = PBXFileReference; lastKnownFileType = sourcecode.swift; name = CardCollectionViewCell.swift; path = SeSAC2Week6/CardCollectionViewCell.swift; sourceTree = SOURCE_ROOT; };
		250F50BF28A1F37B0031CC0A /* CardCollectionViewCell.xib */ = {isa = PBXFileReference; lastKnownFileType = file.xib; name = CardCollectionViewCell.xib; path = SeSAC2Week6/CardCollectionViewCell.xib; sourceTree = SOURCE_ROOT; };
		250F50C228A1F6340031CC0A /* MainViewController.swift */ = {isa = PBXFileReference; lastKnownFileType = sourcecode.swift; path = MainViewController.swift; sourceTree = "<group>"; };
		250F50C428A1FC280031CC0A /* MainTableViewCell.swift */ = {isa = PBXFileReference; lastKnownFileType = sourcecode.swift; name = MainTableViewCell.swift; path = SeSAC2Week6/MainTableViewCell.swift; sourceTree = SOURCE_ROOT; };
		2555B9E428A08FE60090B983 /* SeSAC2Week6.app */ = {isa = PBXFileReference; explicitFileType = wrapper.application; includeInIndex = 0; path = SeSAC2Week6.app; sourceTree = BUILT_PRODUCTS_DIR; };
		2555B9E728A08FE60090B983 /* AppDelegate.swift */ = {isa = PBXFileReference; lastKnownFileType = sourcecode.swift; path = AppDelegate.swift; sourceTree = "<group>"; };
		2555B9E928A08FE60090B983 /* SceneDelegate.swift */ = {isa = PBXFileReference; lastKnownFileType = sourcecode.swift; path = SceneDelegate.swift; sourceTree = "<group>"; };
		2555B9EB28A08FE60090B983 /* ViewController.swift */ = {isa = PBXFileReference; lastKnownFileType = sourcecode.swift; path = ViewController.swift; sourceTree = "<group>"; };
		2555B9EE28A08FE60090B983 /* Base */ = {isa = PBXFileReference; lastKnownFileType = file.storyboard; name = Base; path = Base.lproj/Main.storyboard; sourceTree = "<group>"; };
		2555B9F028A08FE70090B983 /* Assets.xcassets */ = {isa = PBXFileReference; lastKnownFileType = folder.assetcatalog; path = Assets.xcassets; sourceTree = "<group>"; };
		2555B9F328A08FE70090B983 /* Base */ = {isa = PBXFileReference; lastKnownFileType = file.storyboard; name = Base; path = Base.lproj/LaunchScreen.storyboard; sourceTree = "<group>"; };
		2555B9F528A08FE70090B983 /* Info.plist */ = {isa = PBXFileReference; lastKnownFileType = text.plist.xml; path = Info.plist; sourceTree = "<group>"; };
		2555BA0428A090D80090B983 /* .gitignore */ = {isa = PBXFileReference; lastKnownFileType = text; path = .gitignore; sourceTree = "<group>"; };
		2555BA0628A091120090B983 /* APIKey.swift */ = {isa = PBXFileReference; lastKnownFileType = sourcecode.swift; path = APIKey.swift; sourceTree = "<group>"; };
		2555BA0928A0949E0090B983 /* Endpoint.swift */ = {isa = PBXFileReference; lastKnownFileType = sourcecode.swift; path = Endpoint.swift; sourceTree = "<group>"; };
		2555BA0B28A095170090B983 /* URL+Extension.swift */ = {isa = PBXFileReference; lastKnownFileType = sourcecode.swift; path = "URL+Extension.swift"; sourceTree = "<group>"; };
		2555BA0D28A0A7900090B983 /* KakaoAPIManager.swift */ = {isa = PBXFileReference; lastKnownFileType = sourcecode.swift; path = KakaoAPIManager.swift; sourceTree = "<group>"; };
		2555BA0F28A0AC0A0090B983 /* ClosureViewController.swift */ = {isa = PBXFileReference; lastKnownFileType = sourcecode.swift; path = ClosureViewController.swift; sourceTree = "<group>"; };
/* End PBXFileReference section */

/* Begin PBXFrameworksBuildPhase section */
		2555B9E128A08FE60090B983 /* Frameworks */ = {
			isa = PBXFrameworksBuildPhase;
			buildActionMask = 2147483647;
			files = (
				2555BA0328A0903A0090B983 /* SwiftyJSON in Frameworks */,
				2555B9FD28A090250090B983 /* Kingfisher in Frameworks */,
				2555BA0028A0902F0090B983 /* Alamofire in Frameworks */,
			);
			runOnlyForDeploymentPostprocessing = 0;
		};
/* End PBXFrameworksBuildPhase section */

/* Begin PBXGroup section */
		250F50B728A1DFE20031CC0A /* View */ = {
			isa = PBXGroup;
			children = (
				250F50C428A1FC280031CC0A /* MainTableViewCell.swift */,
				250F50BE28A1F37B0031CC0A /* CardCollectionViewCell.swift */,
				250F50BF28A1F37B0031CC0A /* CardCollectionViewCell.xib */,
				250F50B828A1E0370031CC0A /* SeSACButton.swift */,
				250F50BA28A1E6030031CC0A /* CardView.xib */,
				250F50BC28A1E6470031CC0A /* CardView.swift */,
			);
			path = View;
			sourceTree = "<group>";
		};
		2555B9DB28A08FE60090B983 = {
			isa = PBXGroup;
			children = (
				2555BA0428A090D80090B983 /* .gitignore */,
				2555B9E628A08FE60090B983 /* SeSAC2Week6 */,
				2555B9E528A08FE60090B983 /* Products */,
			);
			sourceTree = "<group>";
		};
		2555B9E528A08FE60090B983 /* Products */ = {
			isa = PBXGroup;
			children = (
				2555B9E428A08FE60090B983 /* SeSAC2Week6.app */,
			);
			name = Products;
			sourceTree = "<group>";
		};
		2555B9E628A08FE60090B983 /* SeSAC2Week6 */ = {
			isa = PBXGroup;
			children = (
				250F50B728A1DFE20031CC0A /* View */,
				2555BA0828A0947F0090B983 /* Network */,
				2555B9E728A08FE60090B983 /* AppDelegate.swift */,
				2555B9E928A08FE60090B983 /* SceneDelegate.swift */,
				2555B9EB28A08FE60090B983 /* ViewController.swift */,
				2555B9ED28A08FE60090B983 /* Main.storyboard */,
				250F50C228A1F6340031CC0A /* MainViewController.swift */,
				2555BA0F28A0AC0A0090B983 /* ClosureViewController.swift */,
				2555B9F028A08FE70090B983 /* Assets.xcassets */,
				2555B9F228A08FE70090B983 /* LaunchScreen.storyboard */,
				2555B9F528A08FE70090B983 /* Info.plist */,
				2555BA0628A091120090B983 /* APIKey.swift */,
			);
			path = SeSAC2Week6;
			sourceTree = "<group>";
		};
		2555BA0828A0947F0090B983 /* Network */ = {
			isa = PBXGroup;
			children = (
				2555BA0928A0949E0090B983 /* Endpoint.swift */,
				2555BA0B28A095170090B983 /* URL+Extension.swift */,
				2555BA0D28A0A7900090B983 /* KakaoAPIManager.swift */,
			);
			path = Network;
			sourceTree = "<group>";
		};
/* End PBXGroup section */

/* Begin PBXNativeTarget section */
		2555B9E328A08FE60090B983 /* SeSAC2Week6 */ = {
			isa = PBXNativeTarget;
			buildConfigurationList = 2555B9F828A08FE70090B983 /* Build configuration list for PBXNativeTarget "SeSAC2Week6" */;
			buildPhases = (
				2555B9E028A08FE60090B983 /* Sources */,
				2555B9E128A08FE60090B983 /* Frameworks */,
				2555B9E228A08FE60090B983 /* Resources */,
			);
			buildRules = (
			);
			dependencies = (
			);
			name = SeSAC2Week6;
			packageProductDependencies = (
				2555B9FC28A090250090B983 /* Kingfisher */,
				2555B9FF28A0902F0090B983 /* Alamofire */,
				2555BA0228A0903A0090B983 /* SwiftyJSON */,
			);
			productName = SeSAC2Week6;
			productReference = 2555B9E428A08FE60090B983 /* SeSAC2Week6.app */;
			productType = "com.apple.product-type.application";
		};
/* End PBXNativeTarget section */

/* Begin PBXProject section */
		2555B9DC28A08FE60090B983 /* Project object */ = {
			isa = PBXProject;
			attributes = {
				BuildIndependentTargetsInParallel = 1;
				LastSwiftUpdateCheck = 1340;
				LastUpgradeCheck = 1340;
				TargetAttributes = {
					2555B9E328A08FE60090B983 = {
						CreatedOnToolsVersion = 13.4.1;
					};
				};
			};
			buildConfigurationList = 2555B9DF28A08FE60090B983 /* Build configuration list for PBXProject "SeSAC2Week6" */;
			compatibilityVersion = "Xcode 13.0";
			developmentRegion = en;
			hasScannedForEncodings = 0;
			knownRegions = (
				en,
				Base,
			);
			mainGroup = 2555B9DB28A08FE60090B983;
			packageReferences = (
				2555B9FB28A090250090B983 /* XCRemoteSwiftPackageReference "Kingfisher" */,
				2555B9FE28A0902F0090B983 /* XCRemoteSwiftPackageReference "Alamofire" */,
				2555BA0128A0903A0090B983 /* XCRemoteSwiftPackageReference "SwiftyJSON" */,
			);
			productRefGroup = 2555B9E528A08FE60090B983 /* Products */;
			projectDirPath = "";
			projectRoot = "";
			targets = (
				2555B9E328A08FE60090B983 /* SeSAC2Week6 */,
			);
		};
/* End PBXProject section */

/* Begin PBXResourcesBuildPhase section */
		2555B9E228A08FE60090B983 /* Resources */ = {
			isa = PBXResourcesBuildPhase;
			buildActionMask = 2147483647;
			files = (
				2555BA0528A090D80090B983 /* .gitignore in Resources */,
				2555B9F428A08FE70090B983 /* LaunchScreen.storyboard in Resources */,
				250F50BB28A1E6030031CC0A /* CardView.xib in Resources */,
				2555B9F128A08FE70090B983 /* Assets.xcassets in Resources */,
				250F50C128A1F37B0031CC0A /* CardCollectionViewCell.xib in Resources */,
				2555B9EF28A08FE60090B983 /* Main.storyboard in Resources */,
			);
			runOnlyForDeploymentPostprocessing = 0;
		};
/* End PBXResourcesBuildPhase section */

/* Begin PBXSourcesBuildPhase section */
		2555B9E028A08FE60090B983 /* Sources */ = {
			isa = PBXSourcesBuildPhase;
			buildActionMask = 2147483647;
			files = (
				250F50C528A1FC280031CC0A /* MainTableViewCell.swift in Sources */,
				2555B9EC28A08FE60090B983 /* ViewController.swift in Sources */,
				2555B9E828A08FE60090B983 /* AppDelegate.swift in Sources */,
				2555BA1028A0AC0A0090B983 /* ClosureViewController.swift in Sources */,
				250F50C328A1F6340031CC0A /* MainViewController.swift in Sources */,
				250F50C028A1F37B0031CC0A /* CardCollectionViewCell.swift in Sources */,
				2555BA0728A091120090B983 /* APIKey.swift in Sources */,
				250F50BD28A1E6470031CC0A /* CardView.swift in Sources */,
				2555B9EA28A08FE60090B983 /* SceneDelegate.swift in Sources */,
				250F50B928A1E0370031CC0A /* SeSACButton.swift in Sources */,
				2555BA0E28A0A7900090B983 /* KakaoAPIManager.swift in Sources */,
				2555BA0A28A0949E0090B983 /* Endpoint.swift in Sources */,
				2555BA0C28A095170090B983 /* URL+Extension.swift in Sources */,
			);
			runOnlyForDeploymentPostprocessing = 0;
		};
/* End PBXSourcesBuildPhase section */

/* Begin PBXVariantGroup section */
		2555B9ED28A08FE60090B983 /* Main.storyboard */ = {
			isa = PBXVariantGroup;
			children = (
				2555B9EE28A08FE60090B983 /* Base */,
			);
			name = Main.storyboard;
			sourceTree = "<group>";
		};
		2555B9F228A08FE70090B983 /* LaunchScreen.storyboard */ = {
			isa = PBXVariantGroup;
			children = (
				2555B9F328A08FE70090B983 /* Base */,
			);
			name = LaunchScreen.storyboard;
			sourceTree = "<group>";
		};
/* End PBXVariantGroup section */

/* Begin XCBuildConfiguration section */
		2555B9F628A08FE70090B983 /* Debug */ = {
			isa = XCBuildConfiguration;
			buildSettings = {
				ALWAYS_SEARCH_USER_PATHS = NO;
				CLANG_ANALYZER_NONNULL = YES;
				CLANG_ANALYZER_NUMBER_OBJECT_CONVERSION = YES_AGGRESSIVE;
				CLANG_CXX_LANGUAGE_STANDARD = "gnu++17";
				CLANG_ENABLE_MODULES = YES;
				CLANG_ENABLE_OBJC_ARC = YES;
				CLANG_ENABLE_OBJC_WEAK = YES;
				CLANG_WARN_BLOCK_CAPTURE_AUTORELEASING = YES;
				CLANG_WARN_BOOL_CONVERSION = YES;
				CLANG_WARN_COMMA = YES;
				CLANG_WARN_CONSTANT_CONVERSION = YES;
				CLANG_WARN_DEPRECATED_OBJC_IMPLEMENTATIONS = YES;
				CLANG_WARN_DIRECT_OBJC_ISA_USAGE = YES_ERROR;
				CLANG_WARN_DOCUMENTATION_COMMENTS = YES;
				CLANG_WARN_EMPTY_BODY = YES;
				CLANG_WARN_ENUM_CONVERSION = YES;
				CLANG_WARN_INFINITE_RECURSION = YES;
				CLANG_WARN_INT_CONVERSION = YES;
				CLANG_WARN_NON_LITERAL_NULL_CONVERSION = YES;
				CLANG_WARN_OBJC_IMPLICIT_RETAIN_SELF = YES;
				CLANG_WARN_OBJC_LITERAL_CONVERSION = YES;
				CLANG_WARN_OBJC_ROOT_CLASS = YES_ERROR;
				CLANG_WARN_QUOTED_INCLUDE_IN_FRAMEWORK_HEADER = YES;
				CLANG_WARN_RANGE_LOOP_ANALYSIS = YES;
				CLANG_WARN_STRICT_PROTOTYPES = YES;
				CLANG_WARN_SUSPICIOUS_MOVE = YES;
				CLANG_WARN_UNGUARDED_AVAILABILITY = YES_AGGRESSIVE;
				CLANG_WARN_UNREACHABLE_CODE = YES;
				CLANG_WARN__DUPLICATE_METHOD_MATCH = YES;
				COPY_PHASE_STRIP = NO;
				DEBUG_INFORMATION_FORMAT = dwarf;
				ENABLE_STRICT_OBJC_MSGSEND = YES;
				ENABLE_TESTABILITY = YES;
				GCC_C_LANGUAGE_STANDARD = gnu11;
				GCC_DYNAMIC_NO_PIC = NO;
				GCC_NO_COMMON_BLOCKS = YES;
				GCC_OPTIMIZATION_LEVEL = 0;
				GCC_PREPROCESSOR_DEFINITIONS = (
					"DEBUG=1",
					"$(inherited)",
				);
				GCC_WARN_64_TO_32_BIT_CONVERSION = YES;
				GCC_WARN_ABOUT_RETURN_TYPE = YES_ERROR;
				GCC_WARN_UNDECLARED_SELECTOR = YES;
				GCC_WARN_UNINITIALIZED_AUTOS = YES_AGGRESSIVE;
				GCC_WARN_UNUSED_FUNCTION = YES;
				GCC_WARN_UNUSED_VARIABLE = YES;
				IPHONEOS_DEPLOYMENT_TARGET = 15.5;
				MTL_ENABLE_DEBUG_INFO = INCLUDE_SOURCE;
				MTL_FAST_MATH = YES;
				ONLY_ACTIVE_ARCH = YES;
				SDKROOT = iphoneos;
				SWIFT_ACTIVE_COMPILATION_CONDITIONS = DEBUG;
				SWIFT_OPTIMIZATION_LEVEL = "-Onone";
			};
			name = Debug;
		};
		2555B9F728A08FE70090B983 /* Release */ = {
			isa = XCBuildConfiguration;
			buildSettings = {
				ALWAYS_SEARCH_USER_PATHS = NO;
				CLANG_ANALYZER_NONNULL = YES;
				CLANG_ANALYZER_NUMBER_OBJECT_CONVERSION = YES_AGGRESSIVE;
				CLANG_CXX_LANGUAGE_STANDARD = "gnu++17";
				CLANG_ENABLE_MODULES = YES;
				CLANG_ENABLE_OBJC_ARC = YES;
				CLANG_ENABLE_OBJC_WEAK = YES;
				CLANG_WARN_BLOCK_CAPTURE_AUTORELEASING = YES;
				CLANG_WARN_BOOL_CONVERSION = YES;
				CLANG_WARN_COMMA = YES;
				CLANG_WARN_CONSTANT_CONVERSION = YES;
				CLANG_WARN_DEPRECATED_OBJC_IMPLEMENTATIONS = YES;
				CLANG_WARN_DIRECT_OBJC_ISA_USAGE = YES_ERROR;
				CLANG_WARN_DOCUMENTATION_COMMENTS = YES;
				CLANG_WARN_EMPTY_BODY = YES;
				CLANG_WARN_ENUM_CONVERSION = YES;
				CLANG_WARN_INFINITE_RECURSION = YES;
				CLANG_WARN_INT_CONVERSION = YES;
				CLANG_WARN_NON_LITERAL_NULL_CONVERSION = YES;
				CLANG_WARN_OBJC_IMPLICIT_RETAIN_SELF = YES;
				CLANG_WARN_OBJC_LITERAL_CONVERSION = YES;
				CLANG_WARN_OBJC_ROOT_CLASS = YES_ERROR;
				CLANG_WARN_QUOTED_INCLUDE_IN_FRAMEWORK_HEADER = YES;
				CLANG_WARN_RANGE_LOOP_ANALYSIS = YES;
				CLANG_WARN_STRICT_PROTOTYPES = YES;
				CLANG_WARN_SUSPICIOUS_MOVE = YES;
				CLANG_WARN_UNGUARDED_AVAILABILITY = YES_AGGRESSIVE;
				CLANG_WARN_UNREACHABLE_CODE = YES;
				CLANG_WARN__DUPLICATE_METHOD_MATCH = YES;
				COPY_PHASE_STRIP = NO;
				DEBUG_INFORMATION_FORMAT = "dwarf-with-dsym";
				ENABLE_NS_ASSERTIONS = NO;
				ENABLE_STRICT_OBJC_MSGSEND = YES;
				GCC_C_LANGUAGE_STANDARD = gnu11;
				GCC_NO_COMMON_BLOCKS = YES;
				GCC_WARN_64_TO_32_BIT_CONVERSION = YES;
				GCC_WARN_ABOUT_RETURN_TYPE = YES_ERROR;
				GCC_WARN_UNDECLARED_SELECTOR = YES;
				GCC_WARN_UNINITIALIZED_AUTOS = YES_AGGRESSIVE;
				GCC_WARN_UNUSED_FUNCTION = YES;
				GCC_WARN_UNUSED_VARIABLE = YES;
				IPHONEOS_DEPLOYMENT_TARGET = 15.5;
				MTL_ENABLE_DEBUG_INFO = NO;
				MTL_FAST_MATH = YES;
				SDKROOT = iphoneos;
				SWIFT_COMPILATION_MODE = wholemodule;
				SWIFT_OPTIMIZATION_LEVEL = "-O";
				VALIDATE_PRODUCT = YES;
			};
			name = Release;
		};
		2555B9F928A08FE70090B983 /* Debug */ = {
			isa = XCBuildConfiguration;
			buildSettings = {
				ASSETCATALOG_COMPILER_APPICON_NAME = AppIcon;
				ASSETCATALOG_COMPILER_GLOBAL_ACCENT_COLOR_NAME = AccentColor;
				CODE_SIGN_STYLE = Automatic;
				CURRENT_PROJECT_VERSION = 1;
				DEVELOPMENT_TEAM = RFHV927M8S;
				GENERATE_INFOPLIST_FILE = YES;
				INFOPLIST_FILE = SeSAC2Week6/Info.plist;
				INFOPLIST_KEY_UIApplicationSupportsIndirectInputEvents = YES;
				INFOPLIST_KEY_UILaunchStoryboardName = LaunchScreen;
				INFOPLIST_KEY_UIMainStoryboardFile = Main;
				INFOPLIST_KEY_UISupportedInterfaceOrientations_iPad = "UIInterfaceOrientationPortrait UIInterfaceOrientationPortraitUpsideDown UIInterfaceOrientationLandscapeLeft UIInterfaceOrientationLandscapeRight";
				INFOPLIST_KEY_UISupportedInterfaceOrientations_iPhone = "UIInterfaceOrientationPortrait UIInterfaceOrientationLandscapeLeft UIInterfaceOrientationLandscapeRight";
				LD_RUNPATH_SEARCH_PATHS = (
					"$(inherited)",
					"@executable_path/Frameworks",
				);
				MARKETING_VERSION = 1.0;
				PRODUCT_BUNDLE_IDENTIFIER = com.jaehoon.SeSAC2Week6;
				PRODUCT_NAME = "$(TARGET_NAME)";
				SWIFT_EMIT_LOC_STRINGS = YES;
				SWIFT_VERSION = 5.0;
				TARGETED_DEVICE_FAMILY = "1,2";
			};
			name = Debug;
		};
		2555B9FA28A08FE70090B983 /* Release */ = {
			isa = XCBuildConfiguration;
			buildSettings = {
				ASSETCATALOG_COMPILER_APPICON_NAME = AppIcon;
				ASSETCATALOG_COMPILER_GLOBAL_ACCENT_COLOR_NAME = AccentColor;
				CODE_SIGN_STYLE = Automatic;
				CURRENT_PROJECT_VERSION = 1;
				DEVELOPMENT_TEAM = RFHV927M8S;
				GENERATE_INFOPLIST_FILE = YES;
				INFOPLIST_FILE = SeSAC2Week6/Info.plist;
				INFOPLIST_KEY_UIApplicationSupportsIndirectInputEvents = YES;
				INFOPLIST_KEY_UILaunchStoryboardName = LaunchScreen;
				INFOPLIST_KEY_UIMainStoryboardFile = Main;
				INFOPLIST_KEY_UISupportedInterfaceOrientations_iPad = "UIInterfaceOrientationPortrait UIInterfaceOrientationPortraitUpsideDown UIInterfaceOrientationLandscapeLeft UIInterfaceOrientationLandscapeRight";
				INFOPLIST_KEY_UISupportedInterfaceOrientations_iPhone = "UIInterfaceOrientationPortrait UIInterfaceOrientationLandscapeLeft UIInterfaceOrientationLandscapeRight";
				LD_RUNPATH_SEARCH_PATHS = (
					"$(inherited)",
					"@executable_path/Frameworks",
				);
				MARKETING_VERSION = 1.0;
				PRODUCT_BUNDLE_IDENTIFIER = com.jaehoon.SeSAC2Week6;
				PRODUCT_NAME = "$(TARGET_NAME)";
				SWIFT_EMIT_LOC_STRINGS = YES;
				SWIFT_VERSION = 5.0;
				TARGETED_DEVICE_FAMILY = "1,2";
			};
			name = Release;
		};
/* End XCBuildConfiguration section */

/* Begin XCConfigurationList section */
		2555B9DF28A08FE60090B983 /* Build configuration list for PBXProject "SeSAC2Week6" */ = {
			isa = XCConfigurationList;
			buildConfigurations = (
				2555B9F628A08FE70090B983 /* Debug */,
				2555B9F728A08FE70090B983 /* Release */,
			);
			defaultConfigurationIsVisible = 0;
			defaultConfigurationName = Release;
		};
		2555B9F828A08FE70090B983 /* Build configuration list for PBXNativeTarget "SeSAC2Week6" */ = {
			isa = XCConfigurationList;
			buildConfigurations = (
				2555B9F928A08FE70090B983 /* Debug */,
				2555B9FA28A08FE70090B983 /* Release */,
			);
			defaultConfigurationIsVisible = 0;
			defaultConfigurationName = Release;
		};
/* End XCConfigurationList section */

/* Begin XCRemoteSwiftPackageReference section */
		2555B9FB28A090250090B983 /* XCRemoteSwiftPackageReference "Kingfisher" */ = {
			isa = XCRemoteSwiftPackageReference;
			repositoryURL = "https://github.com/onevcat/Kingfisher.git";
			requirement = {
				kind = upToNextMajorVersion;
				minimumVersion = 7.0.0;
			};
		};
		2555B9FE28A0902F0090B983 /* XCRemoteSwiftPackageReference "Alamofire" */ = {
			isa = XCRemoteSwiftPackageReference;
			repositoryURL = "https://github.com/Alamofire/Alamofire.git";
			requirement = {
				kind = upToNextMajorVersion;
				minimumVersion = 5.0.0;
			};
		};
		2555BA0128A0903A0090B983 /* XCRemoteSwiftPackageReference "SwiftyJSON" */ = {
			isa = XCRemoteSwiftPackageReference;
			repositoryURL = "https://github.com/SwiftyJSON/SwiftyJSON.git";
			requirement = {
				kind = upToNextMajorVersion;
				minimumVersion = 5.0.0;
			};
		};
/* End XCRemoteSwiftPackageReference section */

/* Begin XCSwiftPackageProductDependency section */
		2555B9FC28A090250090B983 /* Kingfisher */ = {
			isa = XCSwiftPackageProductDependency;
			package = 2555B9FB28A090250090B983 /* XCRemoteSwiftPackageReference "Kingfisher" */;
			productName = Kingfisher;
		};
		2555B9FF28A0902F0090B983 /* Alamofire */ = {
			isa = XCSwiftPackageProductDependency;
			package = 2555B9FE28A0902F0090B983 /* XCRemoteSwiftPackageReference "Alamofire" */;
			productName = Alamofire;
		};
		2555BA0228A0903A0090B983 /* SwiftyJSON */ = {
			isa = XCSwiftPackageProductDependency;
			package = 2555BA0128A0903A0090B983 /* XCRemoteSwiftPackageReference "SwiftyJSON" */;
			productName = SwiftyJSON;
		};
/* End XCSwiftPackageProductDependency section */
	};
	rootObject = 2555B9DC28A08FE60090B983 /* Project object */;
}
